// !$*UTF8*$!
{
	archiveVersion = 1;
	classes = {
	};
	objectVersion = 50;
	objects = {

/* Begin PBXBuildFile section */
		2FB45E03D2FD91FDED2BCAB3 /* Pods_MemoryManagement.framework in Frameworks */ = {isa = PBXBuildFile; fileRef = 4239DFF19F59FC9FB17E3590 /* Pods_MemoryManagement.framework */; };
		F142F9DB22655C7200AC1A7B /* AppDelegate.swift in Sources */ = {isa = PBXBuildFile; fileRef = F142F9DA22655C7200AC1A7B /* AppDelegate.swift */; };
		F142F9DD22655C7200AC1A7B /* MainVC.swift in Sources */ = {isa = PBXBuildFile; fileRef = F142F9DC22655C7200AC1A7B /* MainVC.swift */; };
		F142F9E022655C7200AC1A7B /* Main.storyboard in Resources */ = {isa = PBXBuildFile; fileRef = F142F9DE22655C7200AC1A7B /* Main.storyboard */; };
		F142F9E222655C7300AC1A7B /* Assets.xcassets in Resources */ = {isa = PBXBuildFile; fileRef = F142F9E122655C7300AC1A7B /* Assets.xcassets */; };
		F142F9E522655C7300AC1A7B /* LaunchScreen.storyboard in Resources */ = {isa = PBXBuildFile; fileRef = F142F9E322655C7300AC1A7B /* LaunchScreen.storyboard */; };
		F142F9ED22655D1C00AC1A7B /* DetailVC.swift in Sources */ = {isa = PBXBuildFile; fileRef = F142F9EC22655D1C00AC1A7B /* DetailVC.swift */; };
/* End PBXBuildFile section */

/* Begin PBXFileReference section */
		3AF2422A09B14A2C7089624B /* Pods-MemoryManagement.debug.xcconfig */ = {isa = PBXFileReference; includeInIndex = 1; lastKnownFileType = text.xcconfig; name = "Pods-MemoryManagement.debug.xcconfig"; path = "Pods/Target Support Files/Pods-MemoryManagement/Pods-MemoryManagement.debug.xcconfig"; sourceTree = "<group>"; };
		4239DFF19F59FC9FB17E3590 /* Pods_MemoryManagement.framework */ = {isa = PBXFileReference; explicitFileType = wrapper.framework; includeInIndex = 0; path = Pods_MemoryManagement.framework; sourceTree = BUILT_PRODUCTS_DIR; };
		A547EE7A1553074F0959C13C /* Pods-MemoryManagement.release.xcconfig */ = {isa = PBXFileReference; includeInIndex = 1; lastKnownFileType = text.xcconfig; name = "Pods-MemoryManagement.release.xcconfig"; path = "Pods/Target Support Files/Pods-MemoryManagement/Pods-MemoryManagement.release.xcconfig"; sourceTree = "<group>"; };
		F142F9D722655C7200AC1A7B /* MemoryManagement.app */ = {isa = PBXFileReference; explicitFileType = wrapper.application; includeInIndex = 0; path = MemoryManagement.app; sourceTree = BUILT_PRODUCTS_DIR; };
		F142F9DA22655C7200AC1A7B /* AppDelegate.swift */ = {isa = PBXFileReference; lastKnownFileType = sourcecode.swift; path = AppDelegate.swift; sourceTree = "<group>"; };
		F142F9DC22655C7200AC1A7B /* MainVC.swift */ = {isa = PBXFileReference; lastKnownFileType = sourcecode.swift; path = MainVC.swift; sourceTree = "<group>"; };
		F142F9DF22655C7200AC1A7B /* Base */ = {isa = PBXFileReference; lastKnownFileType = file.storyboard; name = Base; path = Base.lproj/Main.storyboard; sourceTree = "<group>"; };
		F142F9E122655C7300AC1A7B /* Assets.xcassets */ = {isa = PBXFileReference; lastKnownFileType = folder.assetcatalog; path = Assets.xcassets; sourceTree = "<group>"; };
		F142F9E422655C7300AC1A7B /* Base */ = {isa = PBXFileReference; lastKnownFileType = file.storyboard; name = Base; path = Base.lproj/LaunchScreen.storyboard; sourceTree = "<group>"; };
		F142F9E622655C7300AC1A7B /* Info.plist */ = {isa = PBXFileReference; lastKnownFileType = text.plist.xml; path = Info.plist; sourceTree = "<group>"; };
		F142F9EC22655D1C00AC1A7B /* DetailVC.swift */ = {isa = PBXFileReference; lastKnownFileType = sourcecode.swift; path = DetailVC.swift; sourceTree = "<group>"; };
/* End PBXFileReference section */

/* Begin PBXFrameworksBuildPhase section */
		F142F9D422655C7200AC1A7B /* Frameworks */ = {
			isa = PBXFrameworksBuildPhase;
			buildActionMask = 2147483647;
			files = (
				2FB45E03D2FD91FDED2BCAB3 /* Pods_MemoryManagement.framework in Frameworks */,
			);
			runOnlyForDeploymentPostprocessing = 0;
		};
/* End PBXFrameworksBuildPhase section */

/* Begin PBXGroup section */
		28FD7D697A8E29F40F170B92 /* Frameworks */ = {
			isa = PBXGroup;
			children = (
				4239DFF19F59FC9FB17E3590 /* Pods_MemoryManagement.framework */,
			);
			name = Frameworks;
			sourceTree = "<group>";
		};
		58656C1C400088D65C5894E1 /* Pods */ = {
			isa = PBXGroup;
			children = (
				3AF2422A09B14A2C7089624B /* Pods-MemoryManagement.debug.xcconfig */,
				A547EE7A1553074F0959C13C /* Pods-MemoryManagement.release.xcconfig */,
			);
			name = Pods;
			sourceTree = "<group>";
		};
		F142F9CE22655C7200AC1A7B = {
			isa = PBXGroup;
			children = (
				F142F9D922655C7200AC1A7B /* MemoryManagement */,
				F142F9D822655C7200AC1A7B /* Products */,
				58656C1C400088D65C5894E1 /* Pods */,
				28FD7D697A8E29F40F170B92 /* Frameworks */,
			);
			sourceTree = "<group>";
		};
		F142F9D822655C7200AC1A7B /* Products */ = {
			isa = PBXGroup;
			children = (
				F142F9D722655C7200AC1A7B /* MemoryManagement.app */,
			);
			name = Products;
			sourceTree = "<group>";
		};
		F142F9D922655C7200AC1A7B /* MemoryManagement */ = {
			isa = PBXGroup;
			children = (
				F142F9DA22655C7200AC1A7B /* AppDelegate.swift */,
				F142F9DC22655C7200AC1A7B /* MainVC.swift */,
				F142F9EC22655D1C00AC1A7B /* DetailVC.swift */,
				F142F9DE22655C7200AC1A7B /* Main.storyboard */,
				F142F9E122655C7300AC1A7B /* Assets.xcassets */,
				F142F9E322655C7300AC1A7B /* LaunchScreen.storyboard */,
				F142F9E622655C7300AC1A7B /* Info.plist */,
			);
			path = MemoryManagement;
			sourceTree = "<group>";
		};
/* End PBXGroup section */

/* Begin PBXNativeTarget section */
		F142F9D622655C7200AC1A7B /* MemoryManagement */ = {
			isa = PBXNativeTarget;
			buildConfigurationList = F142F9E922655C7300AC1A7B /* Build configuration list for PBXNativeTarget "MemoryManagement" */;
			buildPhases = (
				F186100322702BA2005023D5 /* ShellScript */,
				4E72919D3461C018A30EB401 /* [CP] Check Pods Manifest.lock */,
				F142F9D322655C7200AC1A7B /* Sources */,
				F142F9D422655C7200AC1A7B /* Frameworks */,
				F142F9D522655C7200AC1A7B /* Resources */,
			);
			buildRules = (
			);
			dependencies = (
			);
			name = MemoryManagement;
			productName = MemoryManagement;
			productReference = F142F9D722655C7200AC1A7B /* MemoryManagement.app */;
			productType = "com.apple.product-type.application";
		};
/* End PBXNativeTarget section */

/* Begin PBXProject section */
		F142F9CF22655C7200AC1A7B /* Project object */ = {
			isa = PBXProject;
			attributes = {
				LastSwiftUpdateCheck = 1010;
				LastUpgradeCheck = 1010;
				ORGANIZATIONNAME = "Caroline Davis";
				TargetAttributes = {
					F142F9D622655C7200AC1A7B = {
						CreatedOnToolsVersion = 10.1;
					};
				};
			};
			buildConfigurationList = F142F9D222655C7200AC1A7B /* Build configuration list for PBXProject "MemoryManagement" */;
			compatibilityVersion = "Xcode 9.3";
			developmentRegion = en;
			hasScannedForEncodings = 0;
			knownRegions = (
				en,
				Base,
			);
			mainGroup = F142F9CE22655C7200AC1A7B;
			productRefGroup = F142F9D822655C7200AC1A7B /* Products */;
			projectDirPath = "";
			projectRoot = "";
			targets = (
				F142F9D622655C7200AC1A7B /* MemoryManagement */,
			);
		};
/* End PBXProject section */

/* Begin PBXResourcesBuildPhase section */
		F142F9D522655C7200AC1A7B /* Resources */ = {
			isa = PBXResourcesBuildPhase;
			buildActionMask = 2147483647;
			files = (
				F142F9E522655C7300AC1A7B /* LaunchScreen.storyboard in Resources */,
				F142F9E222655C7300AC1A7B /* Assets.xcassets in Resources */,
				F142F9E022655C7200AC1A7B /* Main.storyboard in Resources */,
			);
			runOnlyForDeploymentPostprocessing = 0;
		};
/* End PBXResourcesBuildPhase section */

/* Begin PBXShellScriptBuildPhase section */
		4E72919D3461C018A30EB401 /* [CP] Check Pods Manifest.lock */ = {
			isa = PBXShellScriptBuildPhase;
			buildActionMask = 2147483647;
			files = (
			);
			inputPaths = (
				"${PODS_PODFILE_DIR_PATH}/Podfile.lock",
				"${PODS_ROOT}/Manifest.lock",
			);
			name = "[CP] Check Pods Manifest.lock";
			outputPaths = (
				"$(DERIVED_FILE_DIR)/Pods-MemoryManagement-checkManifestLockResult.txt",
			);
			runOnlyForDeploymentPostprocessing = 0;
			shellPath = /bin/sh;
			shellScript = "diff \"${PODS_PODFILE_DIR_PATH}/Podfile.lock\" \"${PODS_ROOT}/Manifest.lock\" > /dev/null\nif [ $? != 0 ] ; then\n    # print error to STDERR\n    echo \"error: The sandbox is not in sync with the Podfile.lock. Run 'pod install' or update your CocoaPods installation.\" >&2\n    exit 1\nfi\n# This output is used by Xcode 'outputs' to avoid re-running this script phase.\necho \"SUCCESS\" > \"${SCRIPT_OUTPUT_FILE_0}\"\n";
			showEnvVarsInLog = 0;
		};
		F186100322702BA2005023D5 /* ShellScript */ = {
			isa = PBXShellScriptBuildPhase;
			buildActionMask = 2147483647;
			files = (
			);
			inputFileListPaths = (
			);
			inputPaths = (
			);
			outputFileListPaths = (
			);
			outputPaths = (
			);
			runOnlyForDeploymentPostprocessing = 0;
			shellPath = /bin/sh;
			shellScript = "\"${PODS_ROOT}/SwiftLint/swiftlint\"\n";
		};
/* End PBXShellScriptBuildPhase section */

/* Begin PBXSourcesBuildPhase section */
		F142F9D322655C7200AC1A7B /* Sources */ = {
			isa = PBXSourcesBuildPhase;
			buildActionMask = 2147483647;
			files = (
				F142F9DD22655C7200AC1A7B /* MainVC.swift in Sources */,
				F142F9DB22655C7200AC1A7B /* AppDelegate.swift in Sources */,
				F142F9ED22655D1C00AC1A7B /* DetailVC.swift in Sources */,
			);
			runOnlyForDeploymentPostprocessing = 0;
		};
/* End PBXSourcesBuildPhase section */

/* Begin PBXVariantGroup section */
		F142F9DE22655C7200AC1A7B /* Main.storyboard */ = {
			isa = PBXVariantGroup;
			children = (
				F142F9DF22655C7200AC1A7B /* Base */,
			);
			name = Main.storyboard;
			sourceTree = "<group>";
		};
		F142F9E322655C7300AC1A7B /* LaunchScreen.storyboard */ = {
			isa = PBXVariantGroup;
			children = (
				F142F9E422655C7300AC1A7B /* Base */,
			);
			name = LaunchScreen.storyboard;
			sourceTree = "<group>";
		};
/* End PBXVariantGroup section */

/* Begin XCBuildConfiguration section */
		F142F9E722655C7300AC1A7B /* Debug */ = {
			isa = XCBuildConfiguration;
			buildSettings = {
				ALWAYS_SEARCH_USER_PATHS = NO;
				CLANG_ANALYZER_NONNULL = YES;
				CLANG_ANALYZER_NUMBER_OBJECT_CONVERSION = YES_AGGRESSIVE;
				CLANG_CXX_LANGUAGE_STANDARD = "gnu++14";
				CLANG_CXX_LIBRARY = "libc++";
				CLANG_ENABLE_MODULES = YES;
				CLANG_ENABLE_OBJC_ARC = YES;
				CLANG_ENABLE_OBJC_WEAK = YES;
				CLANG_WARN_BLOCK_CAPTURE_AUTORELEASING = YES;
				CLANG_WARN_BOOL_CONVERSION = YES;
				CLANG_WARN_COMMA = YES;
				CLANG_WARN_CONSTANT_CONVERSION = YES;
				CLANG_WARN_DEPRECATED_OBJC_IMPLEMENTATIONS = YES;
				CLANG_WARN_DIRECT_OBJC_ISA_USAGE = YES_ERROR;
				CLANG_WARN_DOCUMENTATION_COMMENTS = YES;
				CLANG_WARN_EMPTY_BODY = YES;
				CLANG_WARN_ENUM_CONVERSION = YES;
				CLANG_WARN_INFINITE_RECURSION = YES;
				CLANG_WARN_INT_CONVERSION = YES;
				CLANG_WARN_NON_LITERAL_NULL_CONVERSION = YES;
				CLANG_WARN_OBJC_IMPLICIT_RETAIN_SELF = YES;
				CLANG_WARN_OBJC_LITERAL_CONVERSION = YES;
				CLANG_WARN_OBJC_ROOT_CLASS = YES_ERROR;
				CLANG_WARN_RANGE_LOOP_ANALYSIS = YES;
				CLANG_WARN_STRICT_PROTOTYPES = YES;
				CLANG_WARN_SUSPICIOUS_MOVE = YES;
				CLANG_WARN_UNGUARDED_AVAILABILITY = YES_AGGRESSIVE;
				CLANG_WARN_UNREACHABLE_CODE = YES;
				CLANG_WARN__DUPLICATE_METHOD_MATCH = YES;
				CODE_SIGN_IDENTITY = "iPhone Developer";
				COPY_PHASE_STRIP = NO;
				DEBUG_INFORMATION_FORMAT = dwarf;
				ENABLE_STRICT_OBJC_MSGSEND = YES;
				ENABLE_TESTABILITY = YES;
				GCC_C_LANGUAGE_STANDARD = gnu11;
				GCC_DYNAMIC_NO_PIC = NO;
				GCC_NO_COMMON_BLOCKS = YES;
				GCC_OPTIMIZATION_LEVEL = 0;
				GCC_PREPROCESSOR_DEFINITIONS = (
					"DEBUG=1",
					"$(inherited)",
				);
				GCC_WARN_64_TO_32_BIT_CONVERSION = YES;
				GCC_WARN_ABOUT_RETURN_TYPE = YES_ERROR;
				GCC_WARN_UNDECLARED_SELECTOR = YES;
				GCC_WARN_UNINITIALIZED_AUTOS = YES_AGGRESSIVE;
				GCC_WARN_UNUSED_FUNCTION = YES;
				GCC_WARN_UNUSED_VARIABLE = YES;
				IPHONEOS_DEPLOYMENT_TARGET = 12.1;
				MTL_ENABLE_DEBUG_INFO = INCLUDE_SOURCE;
				MTL_FAST_MATH = YES;
				ONLY_ACTIVE_ARCH = YES;
				SDKROOT = iphoneos;
				SWIFT_ACTIVE_COMPILATION_CONDITIONS = DEBUG;
				SWIFT_OPTIMIZATION_LEVEL = "-Onone";
			};
			name = Debug;
		};
		F142F9E822655C7300AC1A7B /* Release */ = {
			isa = XCBuildConfiguration;
			buildSettings = {
				ALWAYS_SEARCH_USER_PATHS = NO;
				CLANG_ANALYZER_NONNULL = YES;
				CLANG_ANALYZER_NUMBER_OBJECT_CONVERSION = YES_AGGRESSIVE;
				CLANG_CXX_LANGUAGE_STANDARD = "gnu++14";
				CLANG_CXX_LIBRARY = "libc++";
				CLANG_ENABLE_MODULES = YES;
				CLANG_ENABLE_OBJC_ARC = YES;
				CLANG_ENABLE_OBJC_WEAK = YES;
				CLANG_WARN_BLOCK_CAPTURE_AUTORELEASING = YES;
				CLANG_WARN_BOOL_CONVERSION = YES;
				CLANG_WARN_COMMA = YES;
				CLANG_WARN_CONSTANT_CONVERSION = YES;
				CLANG_WARN_DEPRECATED_OBJC_IMPLEMENTATIONS = YES;
				CLANG_WARN_DIRECT_OBJC_ISA_USAGE = YES_ERROR;
				CLANG_WARN_DOCUMENTATION_COMMENTS = YES;
				CLANG_WARN_EMPTY_BODY = YES;
				CLANG_WARN_ENUM_CONVERSION = YES;
				CLANG_WARN_INFINITE_RECURSION = YES;
				CLANG_WARN_INT_CONVERSION = YES;
				CLANG_WARN_NON_LITERAL_NULL_CONVERSION = YES;
				CLANG_WARN_OBJC_IMPLICIT_RETAIN_SELF = YES;
				CLANG_WARN_OBJC_LITERAL_CONVERSION = YES;
				CLANG_WARN_OBJC_ROOT_CLASS = YES_ERROR;
				CLANG_WARN_RANGE_LOOP_ANALYSIS = YES;
				CLANG_WARN_STRICT_PROTOTYPES = YES;
				CLANG_WARN_SUSPICIOUS_MOVE = YES;
				CLANG_WARN_UNGUARDED_AVAILABILITY = YES_AGGRESSIVE;
				CLANG_WARN_UNREACHABLE_CODE = YES;
				CLANG_WARN__DUPLICATE_METHOD_MATCH = YES;
				CODE_SIGN_IDENTITY = "iPhone Developer";
				COPY_PHASE_STRIP = NO;
				DEBUG_INFORMATION_FORMAT = "dwarf-with-dsym";
				ENABLE_NS_ASSERTIONS = NO;
				ENABLE_STRICT_OBJC_MSGSEND = YES;
				GCC_C_LANGUAGE_STANDARD = gnu11;
				GCC_NO_COMMON_BLOCKS = YES;
				GCC_WARN_64_TO_32_BIT_CONVERSION = YES;
				GCC_WARN_ABOUT_RETURN_TYPE = YES_ERROR;
				GCC_WARN_UNDECLARED_SELECTOR = YES;
				GCC_WARN_UNINITIALIZED_AUTOS = YES_AGGRESSIVE;
				GCC_WARN_UNUSED_FUNCTION = YES;
				GCC_WARN_UNUSED_VARIABLE = YES;
				IPHONEOS_DEPLOYMENT_TARGET = 12.1;
				MTL_ENABLE_DEBUG_INFO = NO;
				MTL_FAST_MATH = YES;
				SDKROOT = iphoneos;
				SWIFT_COMPILATION_MODE = wholemodule;
				SWIFT_OPTIMIZATION_LEVEL = "-O";
				VALIDATE_PRODUCT = YES;
			};
			name = Release;
		};
		F142F9EA22655C7300AC1A7B /* Debug */ = {
			isa = XCBuildConfiguration;
			baseConfigurationReference = 3AF2422A09B14A2C7089624B /* Pods-MemoryManagement.debug.xcconfig */;
			buildSettings = {
				ASSETCATALOG_COMPILER_APPICON_NAME = AppIcon;
				CODE_SIGN_STYLE = Automatic;
				DEVELOPMENT_TEAM = 2UNXUT4D3C;
				INFOPLIST_FILE = MemoryManagement/Info.plist;
				LD_RUNPATH_SEARCH_PATHS = (
					"$(inherited)",
					"@executable_path/Frameworks",
				);
				PRODUCT_BUNDLE_IDENTIFIER = com.carolinedavis.MemoryManagement;
				PRODUCT_NAME = "$(TARGET_NAME)";
				SWIFT_VERSION = 4.2;
				TARGETED_DEVICE_FAMILY = "1,2";
			};
			name = Debug;
		};
		F142F9EB22655C7300AC1A7B /* Release */ = {
			isa = XCBuildConfiguration;
			baseConfigurationReference = A547EE7A1553074F0959C13C /* Pods-MemoryManagement.release.xcconfig */;
			buildSettings = {
				ASSETCATALOG_COMPILER_APPICON_NAME = AppIcon;
				CODE_SIGN_STYLE = Automatic;
				DEVELOPMENT_TEAM = 2UNXUT4D3C;
				INFOPLIST_FILE = MemoryManagement/Info.plist;
				LD_RUNPATH_SEARCH_PATHS = (
					"$(inherited)",
					"@executable_path/Frameworks",
				);
				PRODUCT_BUNDLE_IDENTIFIER = com.carolinedavis.MemoryManagement;
				PRODUCT_NAME = "$(TARGET_NAME)";
				SWIFT_VERSION = 4.2;
				TARGETED_DEVICE_FAMILY = "1,2";
			};
			name = Release;
		};
/* End XCBuildConfiguration section */

/* Begin XCConfigurationList section */
		F142F9D222655C7200AC1A7B /* Build configuration list for PBXProject "MemoryManagement" */ = {
			isa = XCConfigurationList;
			buildConfigurations = (
				F142F9E722655C7300AC1A7B /* Debug */,
				F142F9E822655C7300AC1A7B /* Release */,
			);
			defaultConfigurationIsVisible = 0;
			defaultConfigurationName = Release;
		};
		F142F9E922655C7300AC1A7B /* Build configuration list for PBXNativeTarget "MemoryManagement" */ = {
			isa = XCConfigurationList;
			buildConfigurations = (
				F142F9EA22655C7300AC1A7B /* Debug */,
				F142F9EB22655C7300AC1A7B /* Release */,
			);
			defaultConfigurationIsVisible = 0;
			defaultConfigurationName = Release;
		};
/* End XCConfigurationList section */
	};
	rootObject = F142F9CF22655C7200AC1A7B /* Project object */;
}
